
Microsoft Visual Studio Solution File, Format Version 12.00
# Visual Studio Version 17
VisualStudioVersion = 17.6.33815.320
MinimumVisualStudioVersion = 10.0.40219.1
Project("{8BC9CEB8-8B4A-11D0-8D11-00A0C91BC942}") = "pointer", "pointer\pointer.vcxproj", "{3E513711-BE6F-406E-B0A7-ACF9479EB0D5}"
EndProject
Global
	GlobalSection(SolutionConfigurationPlatforms) = preSolution
		Debug|x64 = Debug|x64
		Debug|x86 = Debug|x86
		Release|x64 = Release|x64
		Release|x86 = Release|x86
	EndGlobalSection
	GlobalSection(ProjectConfigurationPlatforms) = postSolution
		{3E513711-BE6F-406E-B0A7-ACF9479EB0D5}.Debug|x64.ActiveCfg = Debug|x64
		{3E513711-BE6F-406E-B0A7-ACF9479EB0D5}.Debug|x64.Build.0 = Debug|x64
		{3E513711-BE6F-406E-B0A7-ACF9479EB0D5}.Debug|x86.ActiveCfg = Debug|Win32
		{3E513711-BE6F-406E-B0A7-ACF9479EB0D5}.Debug|x86.Build.0 = Debug|Win32
		{3E513711-BE6F-406E-B0A7-ACF9479EB0D5}.Release|x64.ActiveCfg = Release|x64
		{3E513711-BE6F-406E-B0A7-ACF9479EB0D5}.Release|x64.Build.0 = Release|x64
		{3E513711-BE6F-406E-B0A7-ACF9479EB0D5}.Release|x86.ActiveCfg = Release|Win32
		{3E513711-BE6F-406E-B0A7-ACF9479EB0D5}.Release|x86.Build.0 = Release|Win32
	EndGlobalSection
	GlobalSection(SolutionProperties) = preSolution
		HideSolutionNode = FALSE
	EndGlobalSection
	GlobalSection(ExtensibilityGlobals) = postSolution
		SolutionGuid = {FF06CFCB-AEB0-408C-8AF7-1AC7A684A03B}
	EndGlobalSection
EndGlobal
